
Microsoft Visual Studio Solution File, Format Version 12.00
# Visual Studio Version 17
VisualStudioVersion = 17.9.34714.143
MinimumVisualStudioVersion = 10.0.40219.1
Project("{FAE04EC0-301F-11D3-BF4B-00C04F79EFBC}") = "OnlyAuth", "OnlyAuth\OnlyAuth.csproj", "{1D1E7DFC-0728-490E-8435-E3831A1E455E}"
EndProject
Global
	GlobalSection(SolutionConfigurationPlatforms) = preSolution
		Debug|Any CPU = Debug|Any CPU
		Release|Any CPU = Release|Any CPU
	EndGlobalSection
	GlobalSection(ProjectConfigurationPlatforms) = postSolution
		{1D1E7DFC-0728-490E-8435-E3831A1E455E}.Debug|Any CPU.ActiveCfg = Debug|Any CPU
		{1D1E7DFC-0728-490E-8435-E3831A1E455E}.Debug|Any CPU.Build.0 = Debug|Any CPU
		{1D1E7DFC-0728-490E-8435-E3831A1E455E}.Release|Any CPU.ActiveCfg = Release|Any CPU
		{1D1E7DFC-0728-490E-8435-E3831A1E455E}.Release|Any CPU.Build.0 = Release|Any CPU
	EndGlobalSection
	GlobalSection(SolutionProperties) = preSolution
		HideSolutionNode = FALSE
	EndGlobalSection
	GlobalSection(ExtensibilityGlobals) = postSolution
		SolutionGuid = {4C48D67B-C0F0-4387-B116-167BF4DA7950}
	EndGlobalSection
EndGlobal
